
Microsoft Visual Studio Solution File, Format Version 12.00
# Visual Studio Version 17
VisualStudioVersion = 17.2.32630.192
MinimumVisualStudioVersion = 10.0.40219.1
Project("{FAE04EC0-301F-11D3-BF4B-00C04F79EFBC}") = "Giris", "Giris\Giris.csproj", "{9DFFEEA4-DB85-4E35-A217-E46EB88D1CB8}"
EndProject
Global
	GlobalSection(SolutionConfigurationPlatforms) = preSolution
		Debug|Any CPU = Debug|Any CPU
		Release|Any CPU = Release|Any CPU
	EndGlobalSection
	GlobalSection(ProjectConfigurationPlatforms) = postSolution
		{9DFFEEA4-DB85-4E35-A217-E46EB88D1CB8}.Debug|Any CPU.ActiveCfg = Debug|Any CPU
		{9DFFEEA4-DB85-4E35-A217-E46EB88D1CB8}.Debug|Any CPU.Build.0 = Debug|Any CPU
		{9DFFEEA4-DB85-4E35-A217-E46EB88D1CB8}.Release|Any CPU.ActiveCfg = Release|Any CPU
		{9DFFEEA4-DB85-4E35-A217-E46EB88D1CB8}.Release|Any CPU.Build.0 = Release|Any CPU
	EndGlobalSection
	GlobalSection(SolutionProperties) = preSolution
		HideSolutionNode = FALSE
	EndGlobalSection
	GlobalSection(ExtensibilityGlobals) = postSolution
		SolutionGuid = {92C577A6-FCED-40FC-A476-C28E18CAEB50}
	EndGlobalSection
EndGlobal
